
Microsoft Visual Studio Solution File, Format Version 12.00
# Visual Studio Version 16
VisualStudioVersion = 16.0.29905.134
MinimumVisualStudioVersion = 10.0.40219.1
Project("{FAE04EC0-301F-11D3-BF4B-00C04F79EFBC}") = "Challenge2.2", "Challenge2.2\Challenge2.2.csproj", "{4720767C-5B1D-4DB1-B607-B9B30C0C530A}"
EndProject
Global
	GlobalSection(SolutionConfigurationPlatforms) = preSolution
		Debug|Any CPU = Debug|Any CPU
		Release|Any CPU = Release|Any CPU
	EndGlobalSection
	GlobalSection(ProjectConfigurationPlatforms) = postSolution
		{4720767C-5B1D-4DB1-B607-B9B30C0C530A}.Debug|Any CPU.ActiveCfg = Debug|Any CPU
		{4720767C-5B1D-4DB1-B607-B9B30C0C530A}.Debug|Any CPU.Build.0 = Debug|Any CPU
		{4720767C-5B1D-4DB1-B607-B9B30C0C530A}.Release|Any CPU.ActiveCfg = Release|Any CPU
		{4720767C-5B1D-4DB1-B607-B9B30C0C530A}.Release|Any CPU.Build.0 = Release|Any CPU
	EndGlobalSection
	GlobalSection(SolutionProperties) = preSolution
		HideSolutionNode = FALSE
	EndGlobalSection
	GlobalSection(ExtensibilityGlobals) = postSolution
		SolutionGuid = {46EBF3ED-75A2-410C-ADF2-FF69F3D3BC29}
	EndGlobalSection
EndGlobal
