
Microsoft Visual Studio Solution File, Format Version 12.00
# Visual Studio Version 17
VisualStudioVersion = 17.4.33213.308
MinimumVisualStudioVersion = 10.0.40219.1
Project("{9A19103F-16F7-4668-BE54-9A1E7A4F7556}") = "Leet", "Leet\Leet.csproj", "{1254D20A-C94A-40E1-8B06-23B8A6B425A5}"
EndProject
Project("{FAE04EC0-301F-11D3-BF4B-00C04F79EFBC}") = "Leet.Tests", "Leet.Tests\Leet.Tests.csproj", "{DF646CA5-54D1-4F12-9DC1-253170DEC809}"
EndProject
Global
	GlobalSection(SolutionConfigurationPlatforms) = preSolution
		Debug|Any CPU = Debug|Any CPU
		Release|Any CPU = Release|Any CPU
	EndGlobalSection
	GlobalSection(ProjectConfigurationPlatforms) = postSolution
		{1254D20A-C94A-40E1-8B06-23B8A6B425A5}.Debug|Any CPU.ActiveCfg = Debug|Any CPU
		{1254D20A-C94A-40E1-8B06-23B8A6B425A5}.Debug|Any CPU.Build.0 = Debug|Any CPU
		{1254D20A-C94A-40E1-8B06-23B8A6B425A5}.Release|Any CPU.ActiveCfg = Release|Any CPU
		{1254D20A-C94A-40E1-8B06-23B8A6B425A5}.Release|Any CPU.Build.0 = Release|Any CPU
		{DF646CA5-54D1-4F12-9DC1-253170DEC809}.Debug|Any CPU.ActiveCfg = Debug|Any CPU
		{DF646CA5-54D1-4F12-9DC1-253170DEC809}.Debug|Any CPU.Build.0 = Debug|Any CPU
		{DF646CA5-54D1-4F12-9DC1-253170DEC809}.Release|Any CPU.ActiveCfg = Release|Any CPU
		{DF646CA5-54D1-4F12-9DC1-253170DEC809}.Release|Any CPU.Build.0 = Release|Any CPU
	EndGlobalSection
	GlobalSection(SolutionProperties) = preSolution
		HideSolutionNode = FALSE
	EndGlobalSection
	GlobalSection(ExtensibilityGlobals) = postSolution
		SolutionGuid = {8AE248B9-3F75-4CEA-B4F0-4E430A1ED257}
	EndGlobalSection
EndGlobal
