
Microsoft Visual Studio Solution File, Format Version 12.00
# Visual Studio Version 16
VisualStudioVersion = 16.0.29905.134
MinimumVisualStudioVersion = 10.0.40219.1
Project("{FAE04EC0-301F-11D3-BF4B-00C04F79EFBC}") = "Challenge", "Challenge\Challenge.csproj", "{F0686EB8-6B1F-4A27-9366-A80C8BA038FF}"
EndProject
Global
	GlobalSection(SolutionConfigurationPlatforms) = preSolution
		Debug|Any CPU = Debug|Any CPU
		Release|Any CPU = Release|Any CPU
	EndGlobalSection
	GlobalSection(ProjectConfigurationPlatforms) = postSolution
		{F0686EB8-6B1F-4A27-9366-A80C8BA038FF}.Debug|Any CPU.ActiveCfg = Debug|Any CPU
		{F0686EB8-6B1F-4A27-9366-A80C8BA038FF}.Debug|Any CPU.Build.0 = Debug|Any CPU
		{F0686EB8-6B1F-4A27-9366-A80C8BA038FF}.Release|Any CPU.ActiveCfg = Release|Any CPU
		{F0686EB8-6B1F-4A27-9366-A80C8BA038FF}.Release|Any CPU.Build.0 = Release|Any CPU
	EndGlobalSection
	GlobalSection(SolutionProperties) = preSolution
		HideSolutionNode = FALSE
	EndGlobalSection
	GlobalSection(ExtensibilityGlobals) = postSolution
		SolutionGuid = {07935129-5693-495F-961F-7F8AB8A5823C}
	EndGlobalSection
EndGlobal
